
Microsoft Visual Studio Solution File, Format Version 12.00
# Visual Studio 15
VisualStudioVersion = 15.0.27703.2047
MinimumVisualStudioVersion = 10.0.40219.1
Project("{FAE04EC0-301F-11D3-BF4B-00C04F79EFBC}") = "BasketMicroService", "BasketMicroService\BasketMicroService.csproj", "{08A10EFB-D293-4ECD-A33C-BDAC369633DC}"
EndProject
Global
	GlobalSection(SolutionConfigurationPlatforms) = preSolution
		Debug|Any CPU = Debug|Any CPU
		Release|Any CPU = Release|Any CPU
	EndGlobalSection
	GlobalSection(ProjectConfigurationPlatforms) = postSolution
		{08A10EFB-D293-4ECD-A33C-BDAC369633DC}.Debug|Any CPU.ActiveCfg = Debug|Any CPU
		{08A10EFB-D293-4ECD-A33C-BDAC369633DC}.Debug|Any CPU.Build.0 = Debug|Any CPU
		{08A10EFB-D293-4ECD-A33C-BDAC369633DC}.Release|Any CPU.ActiveCfg = Release|Any CPU
		{08A10EFB-D293-4ECD-A33C-BDAC369633DC}.Release|Any CPU.Build.0 = Release|Any CPU
	EndGlobalSection
	GlobalSection(SolutionProperties) = preSolution
		HideSolutionNode = FALSE
	EndGlobalSection
	GlobalSection(ExtensibilityGlobals) = postSolution
		SolutionGuid = {F8E8366D-B941-45FD-91C2-12DA603380D0}
	EndGlobalSection
EndGlobal
